
Microsoft Visual Studio Solution File, Format Version 12.00
# Visual Studio 15
VisualStudioVersion = 15.0.28307.421
MinimumVisualStudioVersion = 10.0.40219.1
Project("{9A19103F-16F7-4668-BE54-9A1E7A4F7556}") = "IdentityRightWay", "IdentityRightWay\IdentityRightWay.csproj", "{D7AF3AAE-801B-4910-A29B-B9ED99519BD2}"
EndProject
Project("{2150E333-8FDC-42A3-9474-1A3956D46DE8}") = "Deploy", "Deploy", "{50E8852E-4EA6-427F-8090-3EF267499217}"
	ProjectSection(SolutionItems) = preProject
		docker-compose.yml = docker-compose.yml
	EndProjectSection
EndProject
Global
	GlobalSection(SolutionConfigurationPlatforms) = preSolution
		Debug|Any CPU = Debug|Any CPU
		Release|Any CPU = Release|Any CPU
	EndGlobalSection
	GlobalSection(ProjectConfigurationPlatforms) = postSolution
		{D7AF3AAE-801B-4910-A29B-B9ED99519BD2}.Debug|Any CPU.ActiveCfg = Debug|Any CPU
		{D7AF3AAE-801B-4910-A29B-B9ED99519BD2}.Debug|Any CPU.Build.0 = Debug|Any CPU
		{D7AF3AAE-801B-4910-A29B-B9ED99519BD2}.Release|Any CPU.ActiveCfg = Release|Any CPU
		{D7AF3AAE-801B-4910-A29B-B9ED99519BD2}.Release|Any CPU.Build.0 = Release|Any CPU
	EndGlobalSection
	GlobalSection(SolutionProperties) = preSolution
		HideSolutionNode = FALSE
	EndGlobalSection
	GlobalSection(ExtensibilityGlobals) = postSolution
		SolutionGuid = {FFF373E3-C471-48B7-B353-C30F5ECB7461}
	EndGlobalSection
EndGlobal
